version = 1
revision = 3
requires-python = ">=3.14, <4.0"

[[package]]
name = "prek"
version = "0.5.4"
source = { registry = "https://pypi.org/simple" }
sdist = { url = "https://files.pythonhosted.org/packages/30/f1/8f3143530bf43fa82f8873f4e536f318b6143dd5c09171aba0d465e21f04/prek-0.5.4.tar.gz", hash = "sha256:7f5bc061880141e362ef422e52188d0090794c0622e442e3157686d1e342780a", size = 565182, upload-time = "2026-09-28T04:54:43.453Z" }
wheels = [
    { url = "https://files.pythonhosted.org/packages/78/a7/f3a4a252c0846c5846dd86118ee0c1fddb7381dc35e3d44c2a5f3cea1757/prek-0.5.4-py3-none-macosx_10_12_x86_64.whl", hash = "sha256:550ecaae0601f9405526c866a57cc6882ed1e9d8696ac1117b8703bb37d087eb", size = 6011113, upload-time = "2026-09-28T04:54:28.107Z" },
    { url = "https://files.pythonhosted.org/packages/1b/e3/26638cf090b620e63e60a639b8e7d7eb38b9fbea74a0827a182fc922cf8e/prek-0.5.4-py3-none-macosx_11_0_arm64.whl", hash = "sha256:a7ef67cc23e23c6e9c6ca0b27a7b12c19f16774d36b1c88ed035f2639995718d", size = 5534338, upload-time = "2026-09-28T04:54:30.214Z" },
    { url = "https://files.pythonhosted.org/packages/a0/08/64b668eb088204650b96183cea739b56e6b179130c4398a8a83cbe9b125a/prek-0.5.4-py3-none-manylinux_2_17_aarch64.manylinux2014_aarch64.musllinux_1_1_aarch64.whl", hash = "sha256:59f2206850f643bafe46b28b4431525f8dcc5b7a763f271179bff10b8157870d", size = 5840937, upload-time = "2026-09-28T04:54:32.226Z" },
    { url = "https://files.pythonhosted.org/packages/1f/ee/a0f847194eb6a2b67921b4c94c4fbf3f33a785affb190c6a2097344dbdd6/prek-0.5.4-py3-none-manylinux_2_17_x86_64.manylinux2014_x86_64.whl", hash = "sha256:7d5b0cab1219a7bc9cc90785c7436f563765440616543ede7dfa3ba5c332cede", size = 6234354, upload-time = "2026-09-28T04:54:34.176Z" },
    { url = "https://files.pythonhosted.org/packages/32/9a/14186d90ed29b46650452068d6bd1ac233ca0ea41a3b35081c37f6b77b1c/prek-0.5.4-py3-none-manylinux_2_28_aarch64.whl", hash = "sha256:8fc22db8132dab9aed4e152bf6a58a7f791f4c91c74305d65d96c48b8ec0bc62", size = 5845649, upload-time = "2026-09-28T04:54:36.252Z" },
    { url = "https://files.pythonhosted.org/packages/e0/88/ff5bbbada4098f59740ab767f5c2f82d4110b90ea7db309a9bcf21f3dcb9/prek-0.5.4-py3-none-musllinux_1_1_x86_64.whl", hash = "sha256:19d4f3986dcd1dfa15f9417e32a75fb2ba084156dbd7ace161f0764281b8064b", size = 6351516, upload-time = "2026-09-28T04:54:38.539Z" },
    { url = "https://files.pythonhosted.org/packages/c8/1a/0cc410232ef42750b3bf34babd6def4a3943ec98259d9fecda3b26fcd63f/prek-0.5.4-py3-none-win_amd64.whl", hash = "sha256:3100233ba802eff6a4b09bc045c8f50d599bb9d810fa234823bc1642938b224f", size = 5755956, upload-time = "2026-09-28T04:54:40.227Z" },
    { url = "https://files.pythonhosted.org/packages/98/78/3fd53cc54468db37462885d3139eae40bb469d51beae4575c986b190ab6e/prek-0.5.4-py3-none-win_arm64.whl", hash = "sha256:9fc4ad2d647f70a8a3a9900849e1dd89472cf5a71d830f083b62cf87a0406e27", size = 5502478, upload-time = "2026-09-28T04:54:41.973Z" },
]

[[package]]
name = "repo-tooling"
version = "0.1.0"
source = { virtual = "." }

[package.dev-dependencies]
dev = [
    { name = "prek" },
]

[package.metadata]

[package.metadata.requires-dev]
dev = [{ name = "prek", specifier = ">=0.4.11,<1.0.0" }]
